{
  "name": "afex-demo",
  "requires": true,
  "lockfileVersion": 1,
  "dependencies": {
    "@babel/runtime": {
      "version": "7.0.0-beta.55",
      "resolved": "https://registry.npmjs.org/@babel/runtime/-/runtime-7.0.0-beta.55.tgz",
      "integrity": "sha1-C8M6paasCwEvN+JbnmqqLkiakWs=",
      "requires": {
        "core-js": "^2.5.7",
        "regenerator-runtime": "^0.12.0"
      }
    },
    "@material/animation": {
      "version": "0.34.0",
      "resolved": "https://registry.npmjs.org/@material/animation/-/animation-0.34.0.tgz",
      "integrity": "sha512-HKWU+pHda+xSIV0lwrTMOb/N005NIAV7+tvEEjTiLrQx74eO6J9nIjfCpZ0W4D8Kb9K90lgHFo0ZRC6yDTjizQ=="
    },
    "@material/auto-init": {
      "version": "0.38.0",
      "resolved": "https://registry.npmjs.org/@material/auto-init/-/auto-init-0.38.0.tgz",
      "integrity": "sha512-s3p5ww4BhCI/ySUulV0TxlAUg9R4PMcFYNGa7Kx4SUoD8k+rai61pgFiJW16YfWbtaI+wCQ25zDFB7Ek3bdpuw=="
    },
    "@material/base": {
      "version": "0.35.0",
      "resolved": "https://registry.npmjs.org/@material/base/-/base-0.35.0.tgz",
      "integrity": "sha512-PYuluVzcH8hxtionVvpTSygTENlgyOHvJ5ka7JfbCRQfXlxjV8zKYwhh9u/1HqA6y1OonG1oGFCaBHopbdsNEQ=="
    },
    "@material/button": {
      "version": "0.38.1",
      "resolved": "https://registry.npmjs.org/@material/button/-/button-0.38.1.tgz",
      "integrity": "sha512-ceib9rvFIpUTe0/3crfmR/y4OTOQibj6OlHGedA5H/sh2d9ie+btQLP4Xe8I6UKZdzcy6IiLvmlRWR0YdABmZw==",
      "requires": {
        "@material/elevation": "^0.38.0",
        "@material/ripple": "^0.38.1",
        "@material/rtl": "^0.36.0",
        "@material/theme": "^0.38.0",
        "@material/typography": "^0.38.0"
      }
    },
    "@material/card": {
      "version": "0.38.1",
      "resolved": "https://registry.npmjs.org/@material/card/-/card-0.38.1.tgz",
      "integrity": "sha512-IAJsjD6DNjCUqH7Kk4+Xbehs8VVIqtyFKk4hgAC9poiMWi1gHs9M0H5KRforMlb6lXDAJ9b5t/7QvQodC++Fbg==",
      "requires": {
        "@material/elevation": "^0.38.0",
        "@material/ripple": "^0.38.1",
        "@material/rtl": "^0.36.0",
        "@material/theme": "^0.38.0"
      }
    },
    "@material/checkbox": {
      "version": "0.38.1",
      "resolved": "https://registry.npmjs.org/@material/checkbox/-/checkbox-0.38.1.tgz",
      "integrity": "sha512-YJYrE1JCFbGhSjkE3vv9o+u7JKzQx0B+feGsalZ7YDVfKfQyvgJOt5c0ILkKWshzI3QMTRUjzIQfYo8GlFACqg==",
      "requires": {
        "@material/animation": "^0.34.0",
        "@material/base": "^0.35.0",
        "@material/ripple": "^0.38.1",
        "@material/rtl": "^0.36.0",
        "@material/selection-control": "^0.38.1",
        "@material/theme": "^0.38.0"
      }
    },
    "@material/chips": {
      "version": "0.38.1",
      "resolved": "https://registry.npmjs.org/@material/chips/-/chips-0.38.1.tgz",
      "integrity": "sha512-l6fAl5DNdT1b3Gu0nJsYtdg++M/srtu9KyVTShH2nvXvvWlnRi2yxXp3mZJ1H7HTMk4vtlcDPRtaxaUDKXxLwg==",
      "requires": {
        "@material/animation": "^0.34.0",
        "@material/base": "^0.35.0",
        "@material/checkbox": "^0.38.1",
        "@material/ripple": "^0.38.1",
        "@material/typography": "^0.38.0"
      }
    },
    "@material/dialog": {
      "version": "0.38.2",
      "resolved": "https://registry.npmjs.org/@material/dialog/-/dialog-0.38.2.tgz",
      "integrity": "sha512-GshVpL1TTlM3WwBFTg+o3Kxomlu8tKj8RuaAyB3rlu19TtegepjfDzQvp8yz0uCrOb66a1QRWGEzGFoNv8Th3Q==",
      "requires": {
        "@material/animation": "^0.34.0",
        "@material/base": "^0.35.0",
        "@material/elevation": "^0.38.0",
        "@material/ripple": "^0.38.1",
        "@material/rtl": "^0.36.0",
        "@material/theme": "^0.38.0",
        "@material/typography": "^0.38.0",
        "focus-trap": "^2.3.0"
      }
    },
    "@material/drawer": {
      "version": "0.38.0",
      "resolved": "https://registry.npmjs.org/@material/drawer/-/drawer-0.38.0.tgz",
      "integrity": "sha512-fs+AVly2IUuuwjJWU/luXp/g1zacunLYz5635DWlomK8NkyBjPVnbjUhpdyF1sfDq+Rl1PT933jVPLWOi7VFXg==",
      "requires": {
        "@material/animation": "^0.34.0",
        "@material/base": "^0.35.0",
        "@material/elevation": "^0.38.0",
        "@material/rtl": "^0.36.0",
        "@material/theme": "^0.38.0",
        "@material/typography": "^0.38.0"
      }
    },
    "@material/elevation": {
      "version": "0.38.0",
      "resolved": "https://registry.npmjs.org/@material/elevation/-/elevation-0.38.0.tgz",
      "integrity": "sha512-uceP/4qL6U1cyY4mc/CHF6msceQwICAt2LD+hTAEKFTTFSLNsvZxqB+Oa7Yq7O5Wl9iBt2RAHtCiT5R/ACUa2Q==",
      "requires": {
        "@material/animation": "^0.34.0",
        "@material/theme": "^0.38.0"
      }
    },
    "@material/fab": {
      "version": "0.38.1",
      "resolved": "https://registry.npmjs.org/@material/fab/-/fab-0.38.1.tgz",
      "integrity": "sha512-4natB43w8KO5dQeT6FeC+IKV23W+2Otap9GQ1/sZBjEQf2bz4XvS2fQqW2RhJvNhQmNMEC6PiuYVFyh2t8Hw6A==",
      "requires": {
        "@material/animation": "^0.34.0",
        "@material/elevation": "^0.38.0",
        "@material/ripple": "^0.38.1",
        "@material/rtl": "^0.36.0",
        "@material/theme": "^0.38.0",
        "@material/typography": "^0.38.0"
      }
    },
    "@material/floating-label": {
      "version": "0.38.0",
      "resolved": "https://registry.npmjs.org/@material/floating-label/-/floating-label-0.38.0.tgz",
      "integrity": "sha512-ga+7ELYrkiRYMHqkLOnCKaQUvGowMYXqML3I7hBhs3eEchTjx42U7bfTSqbfdiNG1F9+cOcSOWTKug2VOkYlkg==",
      "requires": {
        "@material/base": "^0.35.0",
        "@material/rtl": "^0.36.0",
        "@material/theme": "^0.38.0",
        "@material/typography": "^0.38.0"
      }
    },
    "@material/form-field": {
      "version": "0.38.1",
      "resolved": "https://registry.npmjs.org/@material/form-field/-/form-field-0.38.1.tgz",
      "integrity": "sha512-pJaTRh3YvioU4hdIigy8hE+YibRt23kS40gPq5i6qRZyWX1LQcfxqsJBNqmFDz+LooLiKhSs3m9mAPNz7APNUg==",
      "requires": {
        "@material/base": "^0.35.0",
        "@material/rtl": "^0.36.0",
        "@material/selection-control": "^0.38.1",
        "@material/theme": "^0.38.0",
        "@material/typography": "^0.38.0"
      }
    },
    "@material/grid-list": {
      "version": "0.38.0",
      "resolved": "https://registry.npmjs.org/@material/grid-list/-/grid-list-0.38.0.tgz",
      "integrity": "sha512-F8hwlIIRlhGj93AWTPYOYT84YPDH6Z/3BB46tTI7SkLfmUns4klZmOKq/pY07PCHmDeg/6gyk9BKl1QTYT4tYA==",
      "requires": {
        "@material/base": "^0.35.0",
        "@material/rtl": "^0.36.0",
        "@material/theme": "^0.38.0",
        "@material/typography": "^0.38.0"
      }
    },
    "@material/icon-button": {
      "version": "0.38.1",
      "resolved": "https://registry.npmjs.org/@material/icon-button/-/icon-button-0.38.1.tgz",
      "integrity": "sha512-ejMbhthSgC0QO0fvk7Cnw55+Pvo6onxVOtOjctLFaPTG8gPGRqbogsESN3VxGHe42ho+YDINxF5ELIoy1yjAhw==",
      "requires": {
        "@material/base": "^0.35.0",
        "@material/ripple": "^0.38.1",
        "@material/theme": "^0.38.0"
      }
    },
    "@material/icon-toggle": {
      "version": "0.38.1",
      "resolved": "https://registry.npmjs.org/@material/icon-toggle/-/icon-toggle-0.38.1.tgz",
      "integrity": "sha512-kscaeuLahGXnEquIJ77Ey7XR4zfPNJnzNkSoSVWD5G5LdxfL5vAKE4Cbb/NEK6/kJ3eB0uDOTAFTrxCm7TEV8Q==",
      "requires": {
        "@material/animation": "^0.34.0",
        "@material/base": "^0.35.0",
        "@material/ripple": "^0.38.1",
        "@material/theme": "^0.38.0"
      }
    },
    "@material/image-list": {
      "version": "0.38.0",
      "resolved": "https://registry.npmjs.org/@material/image-list/-/image-list-0.38.0.tgz",
      "integrity": "sha512-x/28ydtNaSnVK/Sdn/5KV9FktYLRahgXk6nhxvHcWTqo12rJ3hXbqImzGL1lUZPzCPQ/tCmqLfJGk3BxQL0M9w==",
      "requires": {
        "@material/theme": "^0.38.0",
        "@material/typography": "^0.38.0"
      }
    },
    "@material/layout-grid": {
      "version": "0.34.0",
      "resolved": "https://registry.npmjs.org/@material/layout-grid/-/layout-grid-0.34.0.tgz",
      "integrity": "sha512-LJ3LHCumfGftl1ihO0LW9JKsnR71nnlvpzhHdUlK6o1GPul+EEUUdOFN1zxI+Ik9iS++1na/Dg8f/1sdQUxj6w=="
    },
    "@material/line-ripple": {
      "version": "0.38.0",
      "resolved": "https://registry.npmjs.org/@material/line-ripple/-/line-ripple-0.38.0.tgz",
      "integrity": "sha512-HdfU0J1Q3CT2Z/H4aBEKGRTd7K33WhhQkieI4NGGyKSx4uwiRyr61i44Oo+YHK+fVqPjh+aMSjQU3wAfu3vSvA==",
      "requires": {
        "@material/animation": "^0.34.0",
        "@material/base": "^0.35.0",
        "@material/theme": "^0.38.0"
      }
    },
    "@material/linear-progress": {
      "version": "0.38.0",
      "resolved": "https://registry.npmjs.org/@material/linear-progress/-/linear-progress-0.38.0.tgz",
      "integrity": "sha512-fu9w3RjoFrEJ3Ky9tz/E1wkL9bfh2zVRHJWPHDLIx/uos49994OV8BbvefqtS1//Poi25KfXx9GKiXQteOO02Q==",
      "requires": {
        "@material/animation": "^0.34.0",
        "@material/base": "^0.35.0",
        "@material/theme": "^0.38.0"
      }
    },
    "@material/list": {
      "version": "0.38.1",
      "resolved": "https://registry.npmjs.org/@material/list/-/list-0.38.1.tgz",
      "integrity": "sha512-by19/KoEqAESGLTC8FuiClsHz7SUUCk9u7vWaQ23NSznMfabG/kBpf82WZfgJcUvCodNQyNSmFuxVkFttd6crg==",
      "requires": {
        "@material/base": "^0.35.0",
        "@material/ripple": "^0.38.1",
        "@material/rtl": "^0.36.0",
        "@material/theme": "^0.38.0",
        "@material/typography": "^0.38.0"
      }
    },
    "@material/menu": {
      "version": "0.38.0",
      "resolved": "https://registry.npmjs.org/@material/menu/-/menu-0.38.0.tgz",
      "integrity": "sha512-dq+ZoyxaBBk/J+TCQJ5GQM73GEYLiKJD+M+Ub1WMbgKUb7WQhQuhgVB51YJEcCL8grzEosnbK51SgnyuXODKKg==",
      "requires": {
        "@material/animation": "^0.34.0",
        "@material/base": "^0.35.0",
        "@material/elevation": "^0.38.0",
        "@material/theme": "^0.38.0",
        "@material/typography": "^0.38.0"
      }
    },
    "@material/notched-outline": {
      "version": "0.38.0",
      "resolved": "https://registry.npmjs.org/@material/notched-outline/-/notched-outline-0.38.0.tgz",
      "integrity": "sha512-XDTVXyQ2TR/9Qa66F1UYBSbf5f0IVFJFjiF8TXyIkoqrP6l7Wauj+UvJpinwCPk/6KoZtj29sh6ToGQiHdVIJA==",
      "requires": {
        "@material/animation": "^0.34.0",
        "@material/base": "^0.35.0",
        "@material/theme": "^0.38.0"
      }
    },
    "@material/radio": {
      "version": "0.38.1",
      "resolved": "https://registry.npmjs.org/@material/radio/-/radio-0.38.1.tgz",
      "integrity": "sha512-zvD7xlzsAusihP3EbRyzf0mH8dy1qCDLMpjZvlwKimgOJNlua87dlbW0c14PwKSoJaS87vFR4v5rMa6+94C0SA==",
      "requires": {
        "@material/animation": "^0.34.0",
        "@material/base": "^0.35.0",
        "@material/ripple": "^0.38.1",
        "@material/selection-control": "^0.38.1",
        "@material/theme": "^0.38.0"
      }
    },
    "@material/ripple": {
      "version": "0.38.1",
      "resolved": "https://registry.npmjs.org/@material/ripple/-/ripple-0.38.1.tgz",
      "integrity": "sha512-Y7fmJCEJMfJFkyDCEHkBR66tHqy4JAlG49rk0cI0/xdAFmAKyqUcpJiVwhF+pC8Fad90Wi3G93xu/ig7dvz1bA==",
      "requires": {
        "@material/animation": "^0.34.0",
        "@material/base": "^0.35.0",
        "@material/theme": "^0.38.0"
      }
    },
    "@material/rtl": {
      "version": "0.36.0",
      "resolved": "https://registry.npmjs.org/@material/rtl/-/rtl-0.36.0.tgz",
      "integrity": "sha512-uCMwWGdKG0ooYh1kVINz7vTgSY++9wnvU3kOqjRdfOY+PZHWSa/X/EqRdE9Q1pUFwYlQeU2PXE/Z2dTK/nlziw=="
    },
    "@material/select": {
      "version": "0.38.1",
      "resolved": "https://registry.npmjs.org/@material/select/-/select-0.38.1.tgz",
      "integrity": "sha512-42eaR3CkK6DU011BBUG10dG0MsTf01dGtGaJ4Mu4fA2y/XqY1Au9/fLVOWLHWVEPCJNNXytYyNY6D83u7joqZg==",
      "requires": {
        "@material/animation": "^0.34.0",
        "@material/base": "^0.35.0",
        "@material/floating-label": "^0.38.0",
        "@material/line-ripple": "^0.38.0",
        "@material/notched-outline": "^0.38.0",
        "@material/ripple": "^0.38.1",
        "@material/rtl": "^0.36.0",
        "@material/theme": "^0.38.0",
        "@material/typography": "^0.38.0"
      }
    },
    "@material/selection-control": {
      "version": "0.38.1",
      "resolved": "https://registry.npmjs.org/@material/selection-control/-/selection-control-0.38.1.tgz",
      "integrity": "sha512-EUTHx323geAqbPXgMrtu9TCq/IstPma3eJtU50xdpuX/aOVviFIcBzDtK1LBc5czprcuo4wowdfIDvcD+lafxQ==",
      "requires": {
        "@material/ripple": "^0.38.1"
      }
    },
    "@material/shape": {
      "version": "0.35.0",
      "resolved": "https://registry.npmjs.org/@material/shape/-/shape-0.35.0.tgz",
      "integrity": "sha512-WMmGLWrqRymMn8gaPybDWRIx7zNurUmaUa/OoxB++HSiLdLZf8hdEffiWLgqc5u97eRpb4IRaIi/jzcPbWxiUw=="
    },
    "@material/slider": {
      "version": "0.38.0",
      "resolved": "https://registry.npmjs.org/@material/slider/-/slider-0.38.0.tgz",
      "integrity": "sha512-HF0XPteiS8IpT1xyGi1dYLd5CW3FxXlDKteNsuhroSFXON2CNH+voHdfT+jW1WfkWcDKSthmSTB1iabD8+9xDg==",
      "requires": {
        "@material/animation": "^0.34.0",
        "@material/base": "^0.35.0",
        "@material/rtl": "^0.36.0",
        "@material/theme": "^0.38.0"
      }
    },
    "@material/snackbar": {
      "version": "0.38.0",
      "resolved": "https://registry.npmjs.org/@material/snackbar/-/snackbar-0.38.0.tgz",
      "integrity": "sha512-YvQJTxcd8SkCejI2NiZtAiIzvA097zm0qLQr1bD8j3uAuuuenK3BllNKO8K9nPAmvLmOGS5GRaeRUfsmWcwzTA==",
      "requires": {
        "@material/animation": "^0.34.0",
        "@material/base": "^0.35.0",
        "@material/rtl": "^0.36.0",
        "@material/theme": "^0.38.0",
        "@material/typography": "^0.38.0"
      }
    },
    "@material/switch": {
      "version": "0.38.1",
      "resolved": "https://registry.npmjs.org/@material/switch/-/switch-0.38.1.tgz",
      "integrity": "sha512-8Azym74vsSv0EGXo4hKSagaPYqme0hw5cxzuXIVjmHojVAZhOLzUXTiSBXDwi3Lq8cyGvfqBebH7fEpZQ8II2A==",
      "requires": {
        "@material/animation": "^0.34.0",
        "@material/base": "^0.35.0",
        "@material/elevation": "^0.38.0",
        "@material/ripple": "^0.38.1",
        "@material/rtl": "^0.36.0",
        "@material/selection-control": "^0.38.1",
        "@material/theme": "^0.38.0"
      }
    },
    "@material/tab": {
      "version": "0.38.1",
      "resolved": "https://registry.npmjs.org/@material/tab/-/tab-0.38.1.tgz",
      "integrity": "sha512-LrTEO8CCBkchYEymcLNthwLONnjpZRUt4YXkHi0X6nnTaT+l+GjWAwZer1SLFANOCfBJ5vy49IRfMFPlpUfVjA==",
      "requires": {
        "@material/base": "^0.35.0",
        "@material/ripple": "^0.38.1",
        "@material/rtl": "^0.36.0",
        "@material/tab-indicator": "^0.38.0",
        "@material/theme": "^0.38.0",
        "@material/typography": "^0.38.0"
      }
    },
    "@material/tab-bar": {
      "version": "0.38.1",
      "resolved": "https://registry.npmjs.org/@material/tab-bar/-/tab-bar-0.38.1.tgz",
      "integrity": "sha512-tfQKK60ZHNt3tsRy6M6x09J1zw4BfaP2lftuCFxmvE/3VWpGurKIyttj69uuSjfOPQRTVWlK5NF2hmOQMZBXgQ==",
      "requires": {
        "@material/base": "^0.35.0",
        "@material/elevation": "^0.38.0",
        "@material/tab": "^0.38.1",
        "@material/tab-scroller": "^0.38.1"
      }
    },
    "@material/tab-indicator": {
      "version": "0.38.0",
      "resolved": "https://registry.npmjs.org/@material/tab-indicator/-/tab-indicator-0.38.0.tgz",
      "integrity": "sha512-Bf094KEhVImPSX9Rob1a8v8MrrbcBa71/p4UHbXcjrheqdoS4jtW3kuh3UzVmdLjVVOmalUwlKtD4HE3lCmPLA==",
      "requires": {
        "@material/animation": "^0.34.0",
        "@material/base": "^0.35.0",
        "@material/theme": "^0.38.0"
      }
    },
    "@material/tab-scroller": {
      "version": "0.38.1",
      "resolved": "https://registry.npmjs.org/@material/tab-scroller/-/tab-scroller-0.38.1.tgz",
      "integrity": "sha512-tEIyn34yn50d63yuYUC8dU6zZaAL/hsdFiavJx2FOkWT0irgrRZEXea8BepR7EzbbvgzRjnKHOddxyj2R90WcA==",
      "requires": {
        "@material/animation": "^0.34.0",
        "@material/base": "^0.35.0",
        "@material/tab": "^0.38.1"
      }
    },
    "@material/textfield": {
      "version": "0.38.1",
      "resolved": "https://registry.npmjs.org/@material/textfield/-/textfield-0.38.1.tgz",
      "integrity": "sha512-ymgDVc1W0ToMVnzfjlhATXHgVDST3zqMKfrI7u4eHkXm5v4eaH2SWlIUDBJDUAKtvcHq1BmAhzB3CcWweLw0qw==",
      "requires": {
        "@material/animation": "^0.34.0",
        "@material/base": "^0.35.0",
        "@material/floating-label": "^0.38.0",
        "@material/line-ripple": "^0.38.0",
        "@material/notched-outline": "^0.38.0",
        "@material/ripple": "^0.38.1",
        "@material/rtl": "^0.36.0",
        "@material/theme": "^0.38.0",
        "@material/typography": "^0.38.0"
      }
    },
    "@material/theme": {
      "version": "0.38.0",
      "resolved": "https://registry.npmjs.org/@material/theme/-/theme-0.38.0.tgz",
      "integrity": "sha512-mP5+qgICPm/0dD3hKa/hMd8AHerkAaLJgEsvBwTXi+N/kpPo9LIrHg40DvUGPs5w6KD9PUuskb3WGBvYcToHvA=="
    },
    "@material/toolbar": {
      "version": "0.38.1",
      "resolved": "https://registry.npmjs.org/@material/toolbar/-/toolbar-0.38.1.tgz",
      "integrity": "sha512-EkBC8UcO8DHuM8qPlmSome7w0k+qiwUsliB/orHVhg8zdC9Ikq1FhK6wTK9oKFsJHbJZS49JfaAXh8VhpzybSQ==",
      "requires": {
        "@material/base": "^0.35.0",
        "@material/elevation": "^0.38.0",
        "@material/ripple": "^0.38.1",
        "@material/rtl": "^0.36.0",
        "@material/theme": "^0.38.0",
        "@material/typography": "^0.38.0"
      }
    },
    "@material/top-app-bar": {
      "version": "0.38.1",
      "resolved": "https://registry.npmjs.org/@material/top-app-bar/-/top-app-bar-0.38.1.tgz",
      "integrity": "sha512-rnjYLgzPVpTwsBSQiimZt5YvxuN/+D+rRm00gJmlvUCmkYyq63ItycHkydSf4vCIo0tzuoyHoQS9dgVq1UUCqQ==",
      "requires": {
        "@material/animation": "^0.34.0",
        "@material/base": "^0.35.0",
        "@material/elevation": "^0.38.0",
        "@material/ripple": "^0.38.1",
        "@material/rtl": "^0.36.0",
        "@material/theme": "^0.38.0",
        "@material/typography": "^0.38.0"
      }
    },
    "@material/typography": {
      "version": "0.38.0",
      "resolved": "https://registry.npmjs.org/@material/typography/-/typography-0.38.0.tgz",
      "integrity": "sha512-g2wigBZXSXwrZtibt6sbPO1eM2IROdo9Jk7ffGIb7GuYGLD92hWWzxusaOg4W/rcsBkWMdfquydRL3Q4HFnS2g=="
    },
    "bcrypt": {
      "version": "3.0.0",
      "resolved": "https://registry.npmjs.org/bcrypt/-/bcrypt-3.0.0.tgz",
      "integrity": "sha512-gjicxsD4e5U3nH0EqiEb5y+fKpsZ7F52wcnmNfu45nxnolWVAYh7NgbdfilY+5x1v6cLspxmzz4hf+ju2pFxhA==",
      "requires": {
        "nan": "2.10.0",
        "node-pre-gyp": "0.10.2"
      },
      "dependencies": {
        "abbrev": {
          "version": "1.1.1",
          "bundled": true
        },
        "ansi-regex": {
          "version": "2.1.1",
          "bundled": true
        },
        "aproba": {
          "version": "1.2.0",
          "bundled": true
        },
        "are-we-there-yet": {
          "version": "1.1.5",
          "bundled": true,
          "requires": {
            "delegates": "^1.0.0",
            "readable-stream": "^2.0.6"
          }
        },
        "balanced-match": {
          "version": "1.0.0",
          "bundled": true
        },
        "brace-expansion": {
          "version": "1.1.11",
          "bundled": true,
          "requires": {
            "balanced-match": "^1.0.0",
            "concat-map": "0.0.1"
          }
        },
        "chownr": {
          "version": "1.0.1",
          "bundled": true
        },
        "code-point-at": {
          "version": "1.1.0",
          "bundled": true
        },
        "concat-map": {
          "version": "0.0.1",
          "bundled": true
        },
        "console-control-strings": {
          "version": "1.1.0",
          "bundled": true
        },
        "core-util-is": {
          "version": "1.0.2",
          "bundled": true
        },
        "debug": {
          "version": "2.6.9",
          "bundled": true,
          "requires": {
            "ms": "2.0.0"
          }
        },
        "deep-extend": {
          "version": "0.6.0",
          "bundled": true
        },
        "delegates": {
          "version": "1.0.0",
          "bundled": true
        },
        "detect-libc": {
          "version": "1.0.3",
          "bundled": true
        },
        "fs-minipass": {
          "version": "1.2.5",
          "bundled": true,
          "requires": {
            "minipass": "^2.2.1"
          }
        },
        "fs.realpath": {
          "version": "1.0.0",
          "bundled": true
        },
        "gauge": {
          "version": "2.7.4",
          "bundled": true,
          "requires": {
            "aproba": "^1.0.3",
            "console-control-strings": "^1.0.0",
            "has-unicode": "^2.0.0",
            "object-assign": "^4.1.0",
            "signal-exit": "^3.0.0",
            "string-width": "^1.0.1",
            "strip-ansi": "^3.0.1",
            "wide-align": "^1.1.0"
          }
        },
        "glob": {
          "version": "7.1.2",
          "bundled": true,
          "requires": {
            "fs.realpath": "^1.0.0",
            "inflight": "^1.0.4",
            "inherits": "2",
            "minimatch": "^3.0.4",
            "once": "^1.3.0",
            "path-is-absolute": "^1.0.0"
          }
        },
        "has-unicode": {
          "version": "2.0.1",
          "bundled": true
        },
        "iconv-lite": {
          "version": "0.4.23",
          "bundled": true,
          "requires": {
            "safer-buffer": ">= 2.1.2 < 3"
          }
        },
        "ignore-walk": {
          "version": "3.0.1",
          "bundled": true,
          "requires": {
            "minimatch": "^3.0.4"
          }
        },
        "inflight": {
          "version": "1.0.6",
          "bundled": true,
          "requires": {
            "once": "^1.3.0",
            "wrappy": "1"
          }
        },
        "inherits": {
          "version": "2.0.3",
          "bundled": true
        },
        "ini": {
          "version": "1.3.5",
          "bundled": true
        },
        "is-fullwidth-code-point": {
          "version": "1.0.0",
          "bundled": true,
          "requires": {
            "number-is-nan": "^1.0.0"
          }
        },
        "isarray": {
          "version": "1.0.0",
          "bundled": true
        },
        "minimatch": {
          "version": "3.0.4",
          "bundled": true,
          "requires": {
            "brace-expansion": "^1.1.7"
          }
        },
        "minimist": {
          "version": "0.0.8",
          "bundled": true
        },
        "minipass": {
          "version": "2.3.3",
          "bundled": true,
          "requires": {
            "safe-buffer": "^5.1.2",
            "yallist": "^3.0.0"
          },
          "dependencies": {
            "safe-buffer": {
              "version": "5.1.2",
              "bundled": true
            },
            "yallist": {
              "version": "3.0.2",
              "bundled": true
            }
          }
        },
        "minizlib": {
          "version": "1.1.0",
          "bundled": true,
          "requires": {
            "minipass": "^2.2.1"
          }
        },
        "mkdirp": {
          "version": "0.5.1",
          "bundled": true,
          "requires": {
            "minimist": "0.0.8"
          }
        },
        "ms": {
          "version": "2.0.0",
          "bundled": true
        },
        "needle": {
          "version": "2.2.1",
          "bundled": true,
          "requires": {
            "debug": "^2.1.2",
            "iconv-lite": "^0.4.4",
            "sax": "^1.2.4"
          }
        },
        "node-pre-gyp": {
          "version": "0.10.2",
          "bundled": true,
          "requires": {
            "detect-libc": "^1.0.2",
            "mkdirp": "^0.5.1",
            "needle": "^2.2.0",
            "nopt": "^4.0.1",
            "npm-packlist": "^1.1.6",
            "npmlog": "^4.0.2",
            "rc": "^1.2.7",
            "rimraf": "^2.6.1",
            "semver": "^5.3.0",
            "tar": "^4"
          }
        },
        "nopt": {
          "version": "4.0.1",
          "bundled": true,
          "requires": {
            "abbrev": "1",
            "osenv": "^0.1.4"
          }
        },
        "npm-bundled": {
          "version": "1.0.3",
          "bundled": true
        },
        "npm-packlist": {
          "version": "1.1.10",
          "bundled": true,
          "requires": {
            "ignore-walk": "^3.0.1",
            "npm-bundled": "^1.0.1"
          }
        },
        "npmlog": {
          "version": "4.1.2",
          "bundled": true,
          "requires": {
            "are-we-there-yet": "~1.1.2",
            "console-control-strings": "~1.1.0",
            "gauge": "~2.7.3",
            "set-blocking": "~2.0.0"
          }
        },
        "number-is-nan": {
          "version": "1.0.1",
          "bundled": true
        },
        "object-assign": {
          "version": "4.1.1",
          "bundled": true
        },
        "once": {
          "version": "1.4.0",
          "bundled": true,
          "requires": {
            "wrappy": "1"
          }
        },
        "os-homedir": {
          "version": "1.0.2",
          "bundled": true
        },
        "os-tmpdir": {
          "version": "1.0.2",
          "bundled": true
        },
        "osenv": {
          "version": "0.1.5",
          "bundled": true,
          "requires": {
            "os-homedir": "^1.0.0",
            "os-tmpdir": "^1.0.0"
          }
        },
        "path-is-absolute": {
          "version": "1.0.1",
          "bundled": true
        },
        "process-nextick-args": {
          "version": "2.0.0",
          "bundled": true
        },
        "rc": {
          "version": "1.2.8",
          "bundled": true,
          "requires": {
            "deep-extend": "^0.6.0",
            "ini": "~1.3.0",
            "minimist": "^1.2.0",
            "strip-json-comments": "~2.0.1"
          },
          "dependencies": {
            "minimist": {
              "version": "1.2.0",
              "bundled": true
            }
          }
        },
        "readable-stream": {
          "version": "2.3.5",
          "bundled": true,
          "requires": {
            "core-util-is": "~1.0.0",
            "inherits": "~2.0.3",
            "isarray": "~1.0.0",
            "process-nextick-args": "~2.0.0",
            "safe-buffer": "~5.1.1",
            "string_decoder": "~1.0.3",
            "util-deprecate": "~1.0.1"
          }
        },
        "rimraf": {
          "version": "2.6.2",
          "bundled": true,
          "requires": {
            "glob": "^7.0.5"
          }
        },
        "safe-buffer": {
          "version": "5.1.1",
          "bundled": true
        },
        "safer-buffer": {
          "version": "2.1.2",
          "bundled": true
        },
        "sax": {
          "version": "1.2.4",
          "bundled": true
        },
        "semver": {
          "version": "5.5.0",
          "bundled": true
        },
        "set-blocking": {
          "version": "2.0.0",
          "bundled": true
        },
        "signal-exit": {
          "version": "3.0.2",
          "bundled": true
        },
        "string-width": {
          "version": "1.0.2",
          "bundled": true,
          "requires": {
            "code-point-at": "^1.0.0",
            "is-fullwidth-code-point": "^1.0.0",
            "strip-ansi": "^3.0.0"
          }
        },
        "string_decoder": {
          "version": "1.0.3",
          "bundled": true,
          "requires": {
            "safe-buffer": "~5.1.0"
          }
        },
        "strip-ansi": {
          "version": "3.0.1",
          "bundled": true,
          "requires": {
            "ansi-regex": "^2.0.0"
          }
        },
        "strip-json-comments": {
          "version": "2.0.1",
          "bundled": true
        },
        "tar": {
          "version": "4.4.4",
          "bundled": true,
          "requires": {
            "chownr": "^1.0.1",
            "fs-minipass": "^1.2.5",
            "minipass": "^2.3.3",
            "minizlib": "^1.1.0",
            "mkdirp": "^0.5.0",
            "safe-buffer": "^5.1.2",
            "yallist": "^3.0.2"
          },
          "dependencies": {
            "safe-buffer": {
              "version": "5.1.2",
              "bundled": true
            },
            "yallist": {
              "version": "3.0.2",
              "bundled": true
            }
          }
        },
        "util-deprecate": {
          "version": "1.0.2",
          "bundled": true
        },
        "wide-align": {
          "version": "1.1.3",
          "bundled": true,
          "requires": {
            "string-width": "^1.0.2 || 2"
          }
        },
        "wrappy": {
          "version": "1.0.2",
          "bundled": true
        }
      }
    },
    "core-js": {
      "version": "2.5.7",
      "resolved": "https://registry.npmjs.org/core-js/-/core-js-2.5.7.tgz",
      "integrity": "sha512-RszJCAxg/PP6uzXVXL6BsxSXx/B05oJAQ2vkJRjyjrEcNVycaqOmNb5OTxZPE3xa5gwZduqza6L9JOCenh/Ecw=="
    },
    "focus-trap": {
      "version": "2.4.6",
      "resolved": "https://registry.npmjs.org/focus-trap/-/focus-trap-2.4.6.tgz",
      "integrity": "sha512-vWZTPtBU6pBoyWZDRZJHkXsyP2ZCZBHE3DRVXnSVdQKH/mcDtu9S5Kz8CUDyIqpfZfLEyI9rjKJLnc4Y40BRBg==",
      "requires": {
        "tabbable": "^1.0.3"
      }
    },
    "material-components-web": {
      "version": "0.38.2",
      "resolved": "https://registry.npmjs.org/material-components-web/-/material-components-web-0.38.2.tgz",
      "integrity": "sha512-W6Re3o0YBhMyIayowW1szZId3mwGWjnmWtCVMr0RdAc15g0HgJGQoPQpfvlDtXFWBB6ZKFauzqt+8x39FbeIhQ==",
      "requires": {
        "@material/animation": "^0.34.0",
        "@material/auto-init": "^0.38.0",
        "@material/base": "^0.35.0",
        "@material/button": "^0.38.1",
        "@material/card": "^0.38.1",
        "@material/checkbox": "^0.38.1",
        "@material/chips": "^0.38.1",
        "@material/dialog": "^0.38.2",
        "@material/drawer": "^0.38.0",
        "@material/elevation": "^0.38.0",
        "@material/fab": "^0.38.1",
        "@material/floating-label": "^0.38.0",
        "@material/form-field": "^0.38.1",
        "@material/grid-list": "^0.38.0",
        "@material/icon-button": "^0.38.1",
        "@material/icon-toggle": "^0.38.1",
        "@material/image-list": "^0.38.0",
        "@material/layout-grid": "^0.34.0",
        "@material/line-ripple": "^0.38.0",
        "@material/linear-progress": "^0.38.0",
        "@material/list": "^0.38.1",
        "@material/menu": "^0.38.0",
        "@material/notched-outline": "^0.38.0",
        "@material/radio": "^0.38.1",
        "@material/ripple": "^0.38.1",
        "@material/rtl": "^0.36.0",
        "@material/select": "^0.38.1",
        "@material/selection-control": "^0.38.1",
        "@material/shape": "^0.35.0",
        "@material/slider": "^0.38.0",
        "@material/snackbar": "^0.38.0",
        "@material/switch": "^0.38.1",
        "@material/tab": "^0.38.1",
        "@material/tab-bar": "^0.38.1",
        "@material/tab-indicator": "^0.38.0",
        "@material/tab-scroller": "^0.38.1",
        "@material/textfield": "^0.38.1",
        "@material/theme": "^0.38.0",
        "@material/toolbar": "^0.38.1",
        "@material/top-app-bar": "^0.38.1",
        "@material/typography": "^0.38.0"
      }
    },
    "meteor-node-stubs": {
      "version": "0.4.1",
      "resolved": "https://registry.npmjs.org/meteor-node-stubs/-/meteor-node-stubs-0.4.1.tgz",
      "integrity": "sha512-UO2OStvLOKoApmOdIP5eCqoLaa/ritMXRg4ffJVdkNLEsczzPvTjgC0Mxk4cM4R8MZkwll90FYgjDf5qUTJdMA==",
      "requires": {
        "assert": "^1.4.1",
        "browserify-zlib": "^0.1.4",
        "buffer": "^4.9.1",
        "console-browserify": "^1.1.0",
        "constants-browserify": "^1.0.0",
        "crypto-browserify": "^3.11.0",
        "domain-browser": "^1.1.7",
        "events": "^1.1.1",
        "https-browserify": "0.0.1",
        "os-browserify": "^0.2.1",
        "path-browserify": "0.0.0",
        "process": "^0.11.9",
        "punycode": "^1.4.1",
        "querystring-es3": "^0.2.1",
        "readable-stream": "^2.3.6",
        "stream-browserify": "^2.0.1",
        "stream-http": "^2.8.0",
        "string_decoder": "^1.1.0",
        "timers-browserify": "^1.4.2",
        "tty-browserify": "0.0.0",
        "url": "^0.11.0",
        "util": "^0.10.3",
        "vm-browserify": "0.0.4"
      },
      "dependencies": {
        "asn1.js": {
          "version": "4.10.1",
          "bundled": true,
          "requires": {
            "bn.js": "^4.0.0",
            "inherits": "^2.0.1",
            "minimalistic-assert": "^1.0.0"
          }
        },
        "assert": {
          "version": "1.4.1",
          "bundled": true,
          "requires": {
            "util": "0.10.3"
          }
        },
        "base64-js": {
          "version": "1.3.0",
          "bundled": true
        },
        "bn.js": {
          "version": "4.11.8",
          "bundled": true
        },
        "brorand": {
          "version": "1.1.0",
          "bundled": true
        },
        "browserify-aes": {
          "version": "1.2.0",
          "bundled": true,
          "requires": {
            "buffer-xor": "^1.0.3",
            "cipher-base": "^1.0.0",
            "create-hash": "^1.1.0",
            "evp_bytestokey": "^1.0.3",
            "inherits": "^2.0.1",
            "safe-buffer": "^5.0.1"
          }
        },
        "browserify-cipher": {
          "version": "1.0.1",
          "bundled": true,
          "requires": {
            "browserify-aes": "^1.0.4",
            "browserify-des": "^1.0.0",
            "evp_bytestokey": "^1.0.0"
          }
        },
        "browserify-des": {
          "version": "1.0.1",
          "bundled": true,
          "requires": {
            "cipher-base": "^1.0.1",
            "des.js": "^1.0.0",
            "inherits": "^2.0.1"
          }
        },
        "browserify-rsa": {
          "version": "4.0.1",
          "bundled": true,
          "requires": {
            "bn.js": "^4.1.0",
            "randombytes": "^2.0.1"
          }
        },
        "browserify-sign": {
          "version": "4.0.4",
          "bundled": true,
          "requires": {
            "bn.js": "^4.1.1",
            "browserify-rsa": "^4.0.0",
            "create-hash": "^1.1.0",
            "create-hmac": "^1.1.2",
            "elliptic": "^6.0.0",
            "inherits": "^2.0.1",
            "parse-asn1": "^5.0.0"
          }
        },
        "browserify-zlib": {
          "version": "0.1.4",
          "bundled": true,
          "requires": {
            "pako": "~0.2.0"
          }
        },
        "buffer": {
          "version": "4.9.1",
          "bundled": true,
          "requires": {
            "base64-js": "^1.0.2",
            "ieee754": "^1.1.4",
            "isarray": "^1.0.0"
          }
        },
        "buffer-xor": {
          "version": "1.0.3",
          "bundled": true
        },
        "builtin-status-codes": {
          "version": "3.0.0",
          "bundled": true
        },
        "cipher-base": {
          "version": "1.0.4",
          "bundled": true,
          "requires": {
            "inherits": "^2.0.1",
            "safe-buffer": "^5.0.1"
          }
        },
        "console-browserify": {
          "version": "1.1.0",
          "bundled": true,
          "requires": {
            "date-now": "^0.1.4"
          }
        },
        "constants-browserify": {
          "version": "1.0.0",
          "bundled": true
        },
        "core-util-is": {
          "version": "1.0.2",
          "bundled": true
        },
        "create-ecdh": {
          "version": "4.0.3",
          "bundled": true,
          "requires": {
            "bn.js": "^4.1.0",
            "elliptic": "^6.0.0"
          }
        },
        "create-hash": {
          "version": "1.2.0",
          "bundled": true,
          "requires": {
            "cipher-base": "^1.0.1",
            "inherits": "^2.0.1",
            "md5.js": "^1.3.4",
            "ripemd160": "^2.0.1",
            "sha.js": "^2.4.0"
          }
        },
        "create-hmac": {
          "version": "1.1.7",
          "bundled": true,
          "requires": {
            "cipher-base": "^1.0.3",
            "create-hash": "^1.1.0",
            "inherits": "^2.0.1",
            "ripemd160": "^2.0.0",
            "safe-buffer": "^5.0.1",
            "sha.js": "^2.4.8"
          }
        },
        "crypto-browserify": {
          "version": "3.12.0",
          "bundled": true,
          "requires": {
            "browserify-cipher": "^1.0.0",
            "browserify-sign": "^4.0.0",
            "create-ecdh": "^4.0.0",
            "create-hash": "^1.1.0",
            "create-hmac": "^1.1.0",
            "diffie-hellman": "^5.0.0",
            "inherits": "^2.0.1",
            "pbkdf2": "^3.0.3",
            "public-encrypt": "^4.0.0",
            "randombytes": "^2.0.0",
            "randomfill": "^1.0.3"
          }
        },
        "date-now": {
          "version": "0.1.4",
          "bundled": true
        },
        "des.js": {
          "version": "1.0.0",
          "bundled": true,
          "requires": {
            "inherits": "^2.0.1",
            "minimalistic-assert": "^1.0.0"
          }
        },
        "diffie-hellman": {
          "version": "5.0.3",
          "bundled": true,
          "requires": {
            "bn.js": "^4.1.0",
            "miller-rabin": "^4.0.0",
            "randombytes": "^2.0.0"
          }
        },
        "domain-browser": {
          "version": "1.2.0",
          "bundled": true
        },
        "elliptic": {
          "version": "6.4.0",
          "bundled": true,
          "requires": {
            "bn.js": "^4.4.0",
            "brorand": "^1.0.1",
            "hash.js": "^1.0.0",
            "hmac-drbg": "^1.0.0",
            "inherits": "^2.0.1",
            "minimalistic-assert": "^1.0.0",
            "minimalistic-crypto-utils": "^1.0.0"
          }
        },
        "events": {
          "version": "1.1.1",
          "bundled": true
        },
        "evp_bytestokey": {
          "version": "1.0.3",
          "bundled": true,
          "requires": {
            "md5.js": "^1.3.4",
            "safe-buffer": "^5.1.1"
          }
        },
        "hash-base": {
          "version": "3.0.4",
          "bundled": true,
          "requires": {
            "inherits": "^2.0.1",
            "safe-buffer": "^5.0.1"
          }
        },
        "hash.js": {
          "version": "1.1.3",
          "bundled": true,
          "requires": {
            "inherits": "^2.0.3",
            "minimalistic-assert": "^1.0.0"
          },
          "dependencies": {
            "inherits": {
              "version": "2.0.3",
              "bundled": true
            }
          }
        },
        "hmac-drbg": {
          "version": "1.0.1",
          "bundled": true,
          "requires": {
            "hash.js": "^1.0.3",
            "minimalistic-assert": "^1.0.0",
            "minimalistic-crypto-utils": "^1.0.1"
          }
        },
        "https-browserify": {
          "version": "0.0.1",
          "bundled": true
        },
        "ieee754": {
          "version": "1.1.11",
          "bundled": true
        },
        "indexof": {
          "version": "0.0.1",
          "bundled": true
        },
        "inherits": {
          "version": "2.0.1",
          "bundled": true
        },
        "isarray": {
          "version": "1.0.0",
          "bundled": true
        },
        "md5.js": {
          "version": "1.3.4",
          "bundled": true,
          "requires": {
            "hash-base": "^3.0.0",
            "inherits": "^2.0.1"
          }
        },
        "miller-rabin": {
          "version": "4.0.1",
          "bundled": true,
          "requires": {
            "bn.js": "^4.0.0",
            "brorand": "^1.0.1"
          }
        },
        "minimalistic-assert": {
          "version": "1.0.1",
          "bundled": true
        },
        "minimalistic-crypto-utils": {
          "version": "1.0.1",
          "bundled": true
        },
        "os-browserify": {
          "version": "0.2.1",
          "bundled": true
        },
        "pako": {
          "version": "0.2.9",
          "bundled": true
        },
        "parse-asn1": {
          "version": "5.1.1",
          "bundled": true,
          "requires": {
            "asn1.js": "^4.0.0",
            "browserify-aes": "^1.0.0",
            "create-hash": "^1.1.0",
            "evp_bytestokey": "^1.0.0",
            "pbkdf2": "^3.0.3"
          }
        },
        "path-browserify": {
          "version": "0.0.0",
          "bundled": true
        },
        "pbkdf2": {
          "version": "3.0.16",
          "bundled": true,
          "requires": {
            "create-hash": "^1.1.2",
            "create-hmac": "^1.1.4",
            "ripemd160": "^2.0.1",
            "safe-buffer": "^5.0.1",
            "sha.js": "^2.4.8"
          }
        },
        "process": {
          "version": "0.11.10",
          "bundled": true
        },
        "process-nextick-args": {
          "version": "2.0.0",
          "bundled": true
        },
        "public-encrypt": {
          "version": "4.0.2",
          "bundled": true,
          "requires": {
            "bn.js": "^4.1.0",
            "browserify-rsa": "^4.0.0",
            "create-hash": "^1.1.0",
            "parse-asn1": "^5.0.0",
            "randombytes": "^2.0.1"
          }
        },
        "punycode": {
          "version": "1.4.1",
          "bundled": true
        },
        "querystring": {
          "version": "0.2.0",
          "bundled": true
        },
        "querystring-es3": {
          "version": "0.2.1",
          "bundled": true
        },
        "randombytes": {
          "version": "2.0.6",
          "bundled": true,
          "requires": {
            "safe-buffer": "^5.1.0"
          }
        },
        "randomfill": {
          "version": "1.0.4",
          "bundled": true,
          "requires": {
            "randombytes": "^2.0.5",
            "safe-buffer": "^5.1.0"
          }
        },
        "readable-stream": {
          "version": "2.3.6",
          "bundled": true,
          "requires": {
            "core-util-is": "~1.0.0",
            "inherits": "~2.0.3",
            "isarray": "~1.0.0",
            "process-nextick-args": "~2.0.0",
            "safe-buffer": "~5.1.1",
            "string_decoder": "~1.1.1",
            "util-deprecate": "~1.0.1"
          },
          "dependencies": {
            "inherits": {
              "version": "2.0.3",
              "bundled": true
            }
          }
        },
        "ripemd160": {
          "version": "2.0.2",
          "bundled": true,
          "requires": {
            "hash-base": "^3.0.0",
            "inherits": "^2.0.1"
          }
        },
        "safe-buffer": {
          "version": "5.1.2",
          "bundled": true
        },
        "sha.js": {
          "version": "2.4.11",
          "bundled": true,
          "requires": {
            "inherits": "^2.0.1",
            "safe-buffer": "^5.0.1"
          }
        },
        "stream-browserify": {
          "version": "2.0.1",
          "bundled": true,
          "requires": {
            "inherits": "~2.0.1",
            "readable-stream": "^2.0.2"
          }
        },
        "stream-http": {
          "version": "2.8.1",
          "bundled": true,
          "requires": {
            "builtin-status-codes": "^3.0.0",
            "inherits": "^2.0.1",
            "readable-stream": "^2.3.3",
            "to-arraybuffer": "^1.0.0",
            "xtend": "^4.0.0"
          }
        },
        "string_decoder": {
          "version": "1.1.1",
          "bundled": true,
          "requires": {
            "safe-buffer": "~5.1.0"
          }
        },
        "timers-browserify": {
          "version": "1.4.2",
          "bundled": true,
          "requires": {
            "process": "~0.11.0"
          }
        },
        "to-arraybuffer": {
          "version": "1.0.1",
          "bundled": true
        },
        "tty-browserify": {
          "version": "0.0.0",
          "bundled": true
        },
        "url": {
          "version": "0.11.0",
          "bundled": true,
          "requires": {
            "punycode": "1.3.2",
            "querystring": "0.2.0"
          },
          "dependencies": {
            "punycode": {
              "version": "1.3.2",
              "bundled": true
            }
          }
        },
        "util": {
          "version": "0.10.3",
          "bundled": true,
          "requires": {
            "inherits": "2.0.1"
          }
        },
        "util-deprecate": {
          "version": "1.0.2",
          "bundled": true
        },
        "vm-browserify": {
          "version": "0.0.4",
          "bundled": true,
          "requires": {
            "indexof": "0.0.1"
          }
        },
        "xtend": {
          "version": "4.0.1",
          "bundled": true
        }
      }
    },
    "nan": {
      "version": "2.10.0",
      "resolved": "https://registry.npmjs.org/nan/-/nan-2.10.0.tgz",
      "integrity": "sha512-bAdJv7fBLhWC+/Bls0Oza+mvTaNQtP+1RyhhhvD95pgUJz6XM5IzgmxOkItJ9tkoCiplvAnXI1tNmmUD/eScyA=="
    },
    "normalize.css": {
      "version": "8.0.0",
      "resolved": "https://registry.npmjs.org/normalize.css/-/normalize.css-8.0.0.tgz",
      "integrity": "sha512-iXcbM3NWr0XkNyfiSBsoPezi+0V92P9nj84yVV1/UZxRUrGczgX/X91KMAGM0omWLY2+2Q1gKD/XRn4gQRDB2A=="
    },
    "regenerator-runtime": {
      "version": "0.12.1",
      "resolved": "https://registry.npmjs.org/regenerator-runtime/-/regenerator-runtime-0.12.1.tgz",
      "integrity": "sha512-odxIc1/vDlo4iZcfXqRYFj0vpXFNoGdKMAUieAlFYO6m/nl5e9KR/beGf41z4a1FI+aQgtjhuaSlDxQ0hmkrHg=="
    },
    "tabbable": {
      "version": "1.1.3",
      "resolved": "https://registry.npmjs.org/tabbable/-/tabbable-1.1.3.tgz",
      "integrity": "sha512-nOWwx35/JuDI4ONuF0ZTo6lYvI0fY0tZCH1ErzY2EXfu4az50ZyiUX8X073FLiZtmWUVlkRnuXsehjJgCw9tYg=="
    },
    "yarn": {
      "version": "1.9.4",
      "resolved": "https://registry.npmjs.org/yarn/-/yarn-1.9.4.tgz",
      "integrity": "sha1-O4LYRGtlJ3VyOQC0cNlmhhl2kks="
    }
  }
}
